
Microsoft Visual Studio Solution File, Format Version 12.00
# Visual Studio 15
VisualStudioVersion = 15.0.27703.2018
MinimumVisualStudioVersion = 10.0.40219.1
Project("{9A19103F-16F7-4668-BE54-9A1E7A4F7556}") = "Application", "Application\Application.csproj", "{9EE32F72-3DD3-4581-87F5-D13E1E5550F1}"
EndProject
Project("{9A19103F-16F7-4668-BE54-9A1E7A4F7556}") = "CalculatorApp.Services", "..\Calculator\CalculatorApp.Services\CalculatorApp.Services.csproj", "{7E8BED64-C027-48D9-931C-610AAB540698}"
EndProject
Project("{9A19103F-16F7-4668-BE54-9A1E7A4F7556}") = "CalculatorApp.Services.Tests", "..\Calculator\CalculatorApp.Services.Tests\CalculatorApp.Services.Tests.csproj", "{8FFDBA3B-CE72-4361-BC86-0E8C29033693}"
EndProject
Global
	GlobalSection(SolutionConfigurationPlatforms) = preSolution
		Debug|Any CPU = Debug|Any CPU
		Release|Any CPU = Release|Any CPU
	EndGlobalSection
	GlobalSection(ProjectConfigurationPlatforms) = postSolution
		{9EE32F72-3DD3-4581-87F5-D13E1E5550F1}.Debug|Any CPU.ActiveCfg = Debug|Any CPU
		{9EE32F72-3DD3-4581-87F5-D13E1E5550F1}.Debug|Any CPU.Build.0 = Debug|Any CPU
		{9EE32F72-3DD3-4581-87F5-D13E1E5550F1}.Release|Any CPU.ActiveCfg = Release|Any CPU
		{9EE32F72-3DD3-4581-87F5-D13E1E5550F1}.Release|Any CPU.Build.0 = Release|Any CPU
		{7E8BED64-C027-48D9-931C-610AAB540698}.Debug|Any CPU.ActiveCfg = Debug|Any CPU
		{7E8BED64-C027-48D9-931C-610AAB540698}.Debug|Any CPU.Build.0 = Debug|Any CPU
		{7E8BED64-C027-48D9-931C-610AAB540698}.Release|Any CPU.ActiveCfg = Release|Any CPU
		{7E8BED64-C027-48D9-931C-610AAB540698}.Release|Any CPU.Build.0 = Release|Any CPU
		{8FFDBA3B-CE72-4361-BC86-0E8C29033693}.Debug|Any CPU.ActiveCfg = Debug|Any CPU
		{8FFDBA3B-CE72-4361-BC86-0E8C29033693}.Debug|Any CPU.Build.0 = Debug|Any CPU
		{8FFDBA3B-CE72-4361-BC86-0E8C29033693}.Release|Any CPU.ActiveCfg = Release|Any CPU
		{8FFDBA3B-CE72-4361-BC86-0E8C29033693}.Release|Any CPU.Build.0 = Release|Any CPU
	EndGlobalSection
	GlobalSection(SolutionProperties) = preSolution
		HideSolutionNode = FALSE
	EndGlobalSection
	GlobalSection(ExtensibilityGlobals) = postSolution
		SolutionGuid = {B39E8191-7C80-40A8-A7BB-46AE84C45B10}
	EndGlobalSection
EndGlobal
